
Microsoft Visual Studio Solution File, Format Version 12.00
# Visual Studio 2017
Project("{FAE04EC0-301F-11D3-BF4B-00C04F79EFBC}") = "Anim_Perso", "Anim_Perso.csproj", "{B87D58F3-1601-C134-EF04-1C165366F8A6}"
EndProject
Project("{FAE04EC0-301F-11D3-BF4B-00C04F79EFBC}") = "Anim_Perso.Editor", "Anim_Perso.Editor.csproj", "{FAF3E0BA-53B7-D6C5-CAF6-4D23F160D50D}"
EndProject
Global
	GlobalSection(SolutionConfigurationPlatforms) = preSolution
		Debug|Any CPU = Debug|Any CPU
		Release|Any CPU = Release|Any CPU
	EndGlobalSection
	GlobalSection(ProjectConfigurationPlatforms) = postSolution
		{B87D58F3-1601-C134-EF04-1C165366F8A6}.Debug|Any CPU.ActiveCfg = Debug|Any CPU
		{B87D58F3-1601-C134-EF04-1C165366F8A6}.Debug|Any CPU.Build.0 = Debug|Any CPU
		{B87D58F3-1601-C134-EF04-1C165366F8A6}.Release|Any CPU.ActiveCfg = Release|Any CPU
		{B87D58F3-1601-C134-EF04-1C165366F8A6}.Release|Any CPU.Build.0 = Release|Any CPU
		{FAF3E0BA-53B7-D6C5-CAF6-4D23F160D50D}.Debug|Any CPU.ActiveCfg = Debug|Any CPU
		{FAF3E0BA-53B7-D6C5-CAF6-4D23F160D50D}.Debug|Any CPU.Build.0 = Debug|Any CPU
		{FAF3E0BA-53B7-D6C5-CAF6-4D23F160D50D}.Release|Any CPU.ActiveCfg = Release|Any CPU
		{FAF3E0BA-53B7-D6C5-CAF6-4D23F160D50D}.Release|Any CPU.Build.0 = Release|Any CPU
	EndGlobalSection
	GlobalSection(SolutionProperties) = preSolution
		HideSolutionNode = FALSE
	EndGlobalSection
EndGlobal
